
Microsoft Visual Studio Solution File, Format Version 12.00
# Visual Studio 15
VisualStudioVersion = 15.0.26730.16
MinimumVisualStudioVersion = 10.0.40219.1
Project("{2150E333-8FDC-42A3-9474-1A3956D46DE8}") = "Solution Items", "Solution Items", "{E276056E-5A61-45A7-8D86-BE4A4900C1F2}"
	ProjectSection(SolutionItems) = preProject
		LICENSE.txt = LICENSE.txt
	EndProjectSection
EndProject
Project("{9A19103F-16F7-4668-BE54-9A1E7A4F7556}") = "Advobot Console Launcher (.Net Core)", "Advobot Console Launcher (.Net Core)\Advobot Console Launcher (.Net Core).csproj", "{8C84976D-92F8-43D8-BB29-B97ECAF5DB41}"
EndProject
Project("{9A19103F-16F7-4668-BE54-9A1E7A4F7556}") = "Advobot Core (.Net Standard)", "Advobot Core (.Net Standard)\Advobot Core (.Net Standard).csproj", "{8C3632B5-6172-4D77-9044-345A64C205A0}"
EndProject
Project("{2150E333-8FDC-42A3-9474-1A3956D46DE8}") = "src", "src", "{FB568E4F-9950-4F68-9719-E5A9958F6FC7}"
EndProject
Global
	GlobalSection(SolutionConfigurationPlatforms) = preSolution
		Debug|Any CPU = Debug|Any CPU
		Release|Any CPU = Release|Any CPU
	EndGlobalSection
	GlobalSection(ProjectConfigurationPlatforms) = postSolution
		{8C84976D-92F8-43D8-BB29-B97ECAF5DB41}.Debug|Any CPU.ActiveCfg = Debug|Any CPU
		{8C84976D-92F8-43D8-BB29-B97ECAF5DB41}.Debug|Any CPU.Build.0 = Debug|Any CPU
		{8C84976D-92F8-43D8-BB29-B97ECAF5DB41}.Release|Any CPU.ActiveCfg = Release|Any CPU
		{8C84976D-92F8-43D8-BB29-B97ECAF5DB41}.Release|Any CPU.Build.0 = Release|Any CPU
		{8C3632B5-6172-4D77-9044-345A64C205A0}.Debug|Any CPU.ActiveCfg = Debug|Any CPU
		{8C3632B5-6172-4D77-9044-345A64C205A0}.Debug|Any CPU.Build.0 = Debug|Any CPU
		{8C3632B5-6172-4D77-9044-345A64C205A0}.Release|Any CPU.ActiveCfg = Release|Any CPU
		{8C3632B5-6172-4D77-9044-345A64C205A0}.Release|Any CPU.Build.0 = Release|Any CPU
	EndGlobalSection
	GlobalSection(SolutionProperties) = preSolution
		HideSolutionNode = FALSE
	EndGlobalSection
	GlobalSection(NestedProjects) = preSolution
		{8C84976D-92F8-43D8-BB29-B97ECAF5DB41} = {FB568E4F-9950-4F68-9719-E5A9958F6FC7}
		{8C3632B5-6172-4D77-9044-345A64C205A0} = {FB568E4F-9950-4F68-9719-E5A9958F6FC7}
	EndGlobalSection
	GlobalSection(ExtensibilityGlobals) = postSolution
		SolutionGuid = {4DFA053C-9378-4F41-B1C1-6DE68D9CF75D}
	EndGlobalSection
EndGlobal
