
Microsoft Visual Studio Solution File, Format Version 12.00
# Visual Studio Version 16
VisualStudioVersion = 16.0.29102.190
MinimumVisualStudioVersion = 10.0.40219.1
Project("{2150E333-8FDC-42A3-9474-1A3956D46DE8}") = "Solution Items", "Solution Items", "{E276056E-5A61-45A7-8D86-BE4A4900C1F2}"
	ProjectSection(SolutionItems) = preProject
		LICENSE.txt = LICENSE.txt
		README.md = README.md
	EndProjectSection
EndProject
Project("{9A19103F-16F7-4668-BE54-9A1E7A4F7556}") = "Advobot.Console", "src\Advobot.Console\Advobot.Console.csproj", "{8C84976D-92F8-43D8-BB29-B97ECAF5DB41}"
	ProjectSection(ProjectDependencies) = postProject
		{51D74221-B5CA-47FD-BE5A-856187354300} = {51D74221-B5CA-47FD-BE5A-856187354300}
		{E762CE2D-7EB9-47ED-99DA-B4BE4761AE45} = {E762CE2D-7EB9-47ED-99DA-B4BE4761AE45}
		{ECFBA359-5A3D-44DF-BD66-0AD0B111CDA1} = {ECFBA359-5A3D-44DF-BD66-0AD0B111CDA1}
		{688AFCD8-0339-42BC-A607-2231C4806EDE} = {688AFCD8-0339-42BC-A607-2231C4806EDE}
	EndProjectSection
EndProject
Project("{9A19103F-16F7-4668-BE54-9A1E7A4F7556}") = "Advobot.Core", "src\Advobot.Core\Advobot.Core.csproj", "{8C3632B5-6172-4D77-9044-345A64C205A0}"
EndProject
Project("{9A19103F-16F7-4668-BE54-9A1E7A4F7556}") = "Advobot.Tests", "tests\Advobot.Tests\Advobot.Tests.csproj", "{DE77ECB1-50AB-4216-B231-8D2EE5B7BD53}"
EndProject
Project("{9A19103F-16F7-4668-BE54-9A1E7A4F7556}") = "Advobot.UI", "src\Advobot.UI\Advobot.UI.csproj", "{71EB6561-916B-4CA1-9F98-3744E5E2B29B}"
	ProjectSection(ProjectDependencies) = postProject
		{E762CE2D-7EB9-47ED-99DA-B4BE4761AE45} = {E762CE2D-7EB9-47ED-99DA-B4BE4761AE45}
		{ECFBA359-5A3D-44DF-BD66-0AD0B111CDA1} = {ECFBA359-5A3D-44DF-BD66-0AD0B111CDA1}
		{8C3632B5-6172-4D77-9044-345A64C205A0} = {8C3632B5-6172-4D77-9044-345A64C205A0}
	EndProjectSection
EndProject
Project("{2150E333-8FDC-42A3-9474-1A3956D46DE8}") = "Commands", "Commands", "{AE3034B5-0282-4AEA-A15B-BD1ED4485C12}"
EndProject
Project("{9A19103F-16F7-4668-BE54-9A1E7A4F7556}") = "Advobot.Gacha", "src\Commands\Advobot.Gacha\Advobot.Gacha.csproj", "{ECFBA359-5A3D-44DF-BD66-0AD0B111CDA1}"
EndProject
Project("{9A19103F-16F7-4668-BE54-9A1E7A4F7556}") = "Advobot.Settings", "src\Commands\Advobot.Settings\Advobot.Settings.csproj", "{E762CE2D-7EB9-47ED-99DA-B4BE4761AE45}"
EndProject
Project("{2150E333-8FDC-42A3-9474-1A3956D46DE8}") = "Tests", "Tests", "{291D61D3-D94D-4BE5-BC7C-A2CC27FCAE4E}"
EndProject
Project("{9A19103F-16F7-4668-BE54-9A1E7A4F7556}") = "Advobot.Standard", "src\Commands\Advobot.Standard\Advobot.Standard.csproj", "{688AFCD8-0339-42BC-A607-2231C4806EDE}"
EndProject
Project("{9A19103F-16F7-4668-BE54-9A1E7A4F7556}") = "Advobot.Levels", "src\Commands\Advobot.Levels\Advobot.Levels.csproj", "{51D74221-B5CA-47FD-BE5A-856187354300}"
EndProject
Project("{9A19103F-16F7-4668-BE54-9A1E7A4F7556}") = "Advobot.Invites", "src\Commands\Advobot.Invites\Advobot.Invites.csproj", "{24CF7ABF-DFB5-40DB-BB53-E90788F2F524}"
EndProject
Project("{9A19103F-16F7-4668-BE54-9A1E7A4F7556}") = "Advobot.Logging", "src\Commands\Advobot.Logging\Advobot.Logging.csproj", "{74CC37E0-4AF6-4985-913C-A26211963CB1}"
EndProject
Project("{9A19103F-16F7-4668-BE54-9A1E7A4F7556}") = "Advobot.AllCommands", "src\Commands\Advobot.AllCommands\Advobot.AllCommands.csproj", "{5EFBA40F-670C-4FD5-B1CC-09308DE609F2}"
EndProject
Project("{9A19103F-16F7-4668-BE54-9A1E7A4F7556}") = "Advobot.AutoMod", "src\Commands\Advobot.AutoMod\Advobot.AutoMod.csproj", "{0C350A84-2650-4EF9-ADCA-2A45B8043E04}"
EndProject
Project("{9A19103F-16F7-4668-BE54-9A1E7A4F7556}") = "Advobot.SQLite", "src\Advobot.SQLite\Advobot.SQLite.csproj", "{18016CD5-C58F-44D0-BB14-E1B0BBD26C03}"
EndProject
Project("{9A19103F-16F7-4668-BE54-9A1E7A4F7556}") = "Advobot.Quotes", "src\Commands\Advobot.Quotes\Advobot.Quotes.csproj", "{B210DE66-98A9-4BB9-BD79-2F3035CD9543}"
EndProject
Project("{9A19103F-16F7-4668-BE54-9A1E7A4F7556}") = "Advobot.Resources", "src\Advobot.Resources\Advobot.Resources.csproj", "{BFAA16EF-9B4D-47B4-A52E-A81CA0ED22A8}"
EndProject
Project("{9A19103F-16F7-4668-BE54-9A1E7A4F7556}") = "Advobot.ParameterPreconditions", "src\Advobot.ParameterPreconditions\Advobot.ParameterPreconditions.csproj", "{55749E7B-1CDD-456E-84B7-C000416BC1F2}"
EndProject
Project("{FAE04EC0-301F-11D3-BF4B-00C04F79EFBC}") = "Advobot.MyCommands", "src\Commands\Advobot.MyCommands\Advobot.MyCommands.csproj", "{45BFF840-7735-42A5-B295-F7296EFCB07A}"
EndProject
Global
	GlobalSection(SolutionConfigurationPlatforms) = preSolution
		Debug|Any CPU = Debug|Any CPU
		Release|Any CPU = Release|Any CPU
	EndGlobalSection
	GlobalSection(ProjectConfigurationPlatforms) = postSolution
		{8C84976D-92F8-43D8-BB29-B97ECAF5DB41}.Debug|Any CPU.ActiveCfg = Debug|Any CPU
		{8C84976D-92F8-43D8-BB29-B97ECAF5DB41}.Debug|Any CPU.Build.0 = Debug|Any CPU
		{8C84976D-92F8-43D8-BB29-B97ECAF5DB41}.Release|Any CPU.ActiveCfg = Release|Any CPU
		{8C84976D-92F8-43D8-BB29-B97ECAF5DB41}.Release|Any CPU.Build.0 = Release|Any CPU
		{8C3632B5-6172-4D77-9044-345A64C205A0}.Debug|Any CPU.ActiveCfg = Debug|Any CPU
		{8C3632B5-6172-4D77-9044-345A64C205A0}.Debug|Any CPU.Build.0 = Debug|Any CPU
		{8C3632B5-6172-4D77-9044-345A64C205A0}.Release|Any CPU.ActiveCfg = Release|Any CPU
		{8C3632B5-6172-4D77-9044-345A64C205A0}.Release|Any CPU.Build.0 = Release|Any CPU
		{DE77ECB1-50AB-4216-B231-8D2EE5B7BD53}.Debug|Any CPU.ActiveCfg = Debug|Any CPU
		{DE77ECB1-50AB-4216-B231-8D2EE5B7BD53}.Debug|Any CPU.Build.0 = Debug|Any CPU
		{DE77ECB1-50AB-4216-B231-8D2EE5B7BD53}.Release|Any CPU.ActiveCfg = Release|Any CPU
		{DE77ECB1-50AB-4216-B231-8D2EE5B7BD53}.Release|Any CPU.Build.0 = Release|Any CPU
		{71EB6561-916B-4CA1-9F98-3744E5E2B29B}.Debug|Any CPU.ActiveCfg = Debug|Any CPU
		{71EB6561-916B-4CA1-9F98-3744E5E2B29B}.Debug|Any CPU.Build.0 = Debug|Any CPU
		{71EB6561-916B-4CA1-9F98-3744E5E2B29B}.Release|Any CPU.ActiveCfg = Release|Any CPU
		{71EB6561-916B-4CA1-9F98-3744E5E2B29B}.Release|Any CPU.Build.0 = Release|Any CPU
		{ECFBA359-5A3D-44DF-BD66-0AD0B111CDA1}.Debug|Any CPU.ActiveCfg = Debug|Any CPU
		{ECFBA359-5A3D-44DF-BD66-0AD0B111CDA1}.Debug|Any CPU.Build.0 = Debug|Any CPU
		{ECFBA359-5A3D-44DF-BD66-0AD0B111CDA1}.Release|Any CPU.ActiveCfg = Release|Any CPU
		{ECFBA359-5A3D-44DF-BD66-0AD0B111CDA1}.Release|Any CPU.Build.0 = Release|Any CPU
		{E762CE2D-7EB9-47ED-99DA-B4BE4761AE45}.Debug|Any CPU.ActiveCfg = Debug|Any CPU
		{E762CE2D-7EB9-47ED-99DA-B4BE4761AE45}.Debug|Any CPU.Build.0 = Debug|Any CPU
		{E762CE2D-7EB9-47ED-99DA-B4BE4761AE45}.Release|Any CPU.ActiveCfg = Release|Any CPU
		{E762CE2D-7EB9-47ED-99DA-B4BE4761AE45}.Release|Any CPU.Build.0 = Release|Any CPU
		{688AFCD8-0339-42BC-A607-2231C4806EDE}.Debug|Any CPU.ActiveCfg = Debug|Any CPU
		{688AFCD8-0339-42BC-A607-2231C4806EDE}.Debug|Any CPU.Build.0 = Debug|Any CPU
		{688AFCD8-0339-42BC-A607-2231C4806EDE}.Release|Any CPU.ActiveCfg = Release|Any CPU
		{688AFCD8-0339-42BC-A607-2231C4806EDE}.Release|Any CPU.Build.0 = Release|Any CPU
		{51D74221-B5CA-47FD-BE5A-856187354300}.Debug|Any CPU.ActiveCfg = Debug|Any CPU
		{51D74221-B5CA-47FD-BE5A-856187354300}.Debug|Any CPU.Build.0 = Debug|Any CPU
		{51D74221-B5CA-47FD-BE5A-856187354300}.Release|Any CPU.ActiveCfg = Release|Any CPU
		{51D74221-B5CA-47FD-BE5A-856187354300}.Release|Any CPU.Build.0 = Release|Any CPU
		{24CF7ABF-DFB5-40DB-BB53-E90788F2F524}.Debug|Any CPU.ActiveCfg = Debug|Any CPU
		{24CF7ABF-DFB5-40DB-BB53-E90788F2F524}.Debug|Any CPU.Build.0 = Debug|Any CPU
		{24CF7ABF-DFB5-40DB-BB53-E90788F2F524}.Release|Any CPU.ActiveCfg = Release|Any CPU
		{24CF7ABF-DFB5-40DB-BB53-E90788F2F524}.Release|Any CPU.Build.0 = Release|Any CPU
		{74CC37E0-4AF6-4985-913C-A26211963CB1}.Debug|Any CPU.ActiveCfg = Debug|Any CPU
		{74CC37E0-4AF6-4985-913C-A26211963CB1}.Debug|Any CPU.Build.0 = Debug|Any CPU
		{74CC37E0-4AF6-4985-913C-A26211963CB1}.Release|Any CPU.ActiveCfg = Release|Any CPU
		{74CC37E0-4AF6-4985-913C-A26211963CB1}.Release|Any CPU.Build.0 = Release|Any CPU
		{5EFBA40F-670C-4FD5-B1CC-09308DE609F2}.Debug|Any CPU.ActiveCfg = Debug|Any CPU
		{5EFBA40F-670C-4FD5-B1CC-09308DE609F2}.Debug|Any CPU.Build.0 = Debug|Any CPU
		{5EFBA40F-670C-4FD5-B1CC-09308DE609F2}.Release|Any CPU.ActiveCfg = Release|Any CPU
		{5EFBA40F-670C-4FD5-B1CC-09308DE609F2}.Release|Any CPU.Build.0 = Release|Any CPU
		{0C350A84-2650-4EF9-ADCA-2A45B8043E04}.Debug|Any CPU.ActiveCfg = Debug|Any CPU
		{0C350A84-2650-4EF9-ADCA-2A45B8043E04}.Debug|Any CPU.Build.0 = Debug|Any CPU
		{0C350A84-2650-4EF9-ADCA-2A45B8043E04}.Release|Any CPU.ActiveCfg = Release|Any CPU
		{0C350A84-2650-4EF9-ADCA-2A45B8043E04}.Release|Any CPU.Build.0 = Release|Any CPU
		{18016CD5-C58F-44D0-BB14-E1B0BBD26C03}.Debug|Any CPU.ActiveCfg = Debug|Any CPU
		{18016CD5-C58F-44D0-BB14-E1B0BBD26C03}.Debug|Any CPU.Build.0 = Debug|Any CPU
		{18016CD5-C58F-44D0-BB14-E1B0BBD26C03}.Release|Any CPU.ActiveCfg = Release|Any CPU
		{18016CD5-C58F-44D0-BB14-E1B0BBD26C03}.Release|Any CPU.Build.0 = Release|Any CPU
		{B210DE66-98A9-4BB9-BD79-2F3035CD9543}.Debug|Any CPU.ActiveCfg = Debug|Any CPU
		{B210DE66-98A9-4BB9-BD79-2F3035CD9543}.Debug|Any CPU.Build.0 = Debug|Any CPU
		{B210DE66-98A9-4BB9-BD79-2F3035CD9543}.Release|Any CPU.ActiveCfg = Release|Any CPU
		{B210DE66-98A9-4BB9-BD79-2F3035CD9543}.Release|Any CPU.Build.0 = Release|Any CPU
		{BFAA16EF-9B4D-47B4-A52E-A81CA0ED22A8}.Debug|Any CPU.ActiveCfg = Debug|Any CPU
		{BFAA16EF-9B4D-47B4-A52E-A81CA0ED22A8}.Debug|Any CPU.Build.0 = Debug|Any CPU
		{BFAA16EF-9B4D-47B4-A52E-A81CA0ED22A8}.Release|Any CPU.ActiveCfg = Release|Any CPU
		{BFAA16EF-9B4D-47B4-A52E-A81CA0ED22A8}.Release|Any CPU.Build.0 = Release|Any CPU
		{55749E7B-1CDD-456E-84B7-C000416BC1F2}.Debug|Any CPU.ActiveCfg = Debug|Any CPU
		{55749E7B-1CDD-456E-84B7-C000416BC1F2}.Debug|Any CPU.Build.0 = Debug|Any CPU
		{55749E7B-1CDD-456E-84B7-C000416BC1F2}.Release|Any CPU.ActiveCfg = Release|Any CPU
		{55749E7B-1CDD-456E-84B7-C000416BC1F2}.Release|Any CPU.Build.0 = Release|Any CPU
		{45BFF840-7735-42A5-B295-F7296EFCB07A}.Debug|Any CPU.ActiveCfg = Debug|Any CPU
		{45BFF840-7735-42A5-B295-F7296EFCB07A}.Debug|Any CPU.Build.0 = Debug|Any CPU
		{45BFF840-7735-42A5-B295-F7296EFCB07A}.Release|Any CPU.ActiveCfg = Release|Any CPU
		{45BFF840-7735-42A5-B295-F7296EFCB07A}.Release|Any CPU.Build.0 = Release|Any CPU
	EndGlobalSection
	GlobalSection(SolutionProperties) = preSolution
		HideSolutionNode = FALSE
	EndGlobalSection
	GlobalSection(NestedProjects) = preSolution
		{DE77ECB1-50AB-4216-B231-8D2EE5B7BD53} = {291D61D3-D94D-4BE5-BC7C-A2CC27FCAE4E}
		{ECFBA359-5A3D-44DF-BD66-0AD0B111CDA1} = {AE3034B5-0282-4AEA-A15B-BD1ED4485C12}
		{E762CE2D-7EB9-47ED-99DA-B4BE4761AE45} = {AE3034B5-0282-4AEA-A15B-BD1ED4485C12}
		{688AFCD8-0339-42BC-A607-2231C4806EDE} = {AE3034B5-0282-4AEA-A15B-BD1ED4485C12}
		{51D74221-B5CA-47FD-BE5A-856187354300} = {AE3034B5-0282-4AEA-A15B-BD1ED4485C12}
		{24CF7ABF-DFB5-40DB-BB53-E90788F2F524} = {AE3034B5-0282-4AEA-A15B-BD1ED4485C12}
		{74CC37E0-4AF6-4985-913C-A26211963CB1} = {AE3034B5-0282-4AEA-A15B-BD1ED4485C12}
		{5EFBA40F-670C-4FD5-B1CC-09308DE609F2} = {AE3034B5-0282-4AEA-A15B-BD1ED4485C12}
		{0C350A84-2650-4EF9-ADCA-2A45B8043E04} = {AE3034B5-0282-4AEA-A15B-BD1ED4485C12}
		{B210DE66-98A9-4BB9-BD79-2F3035CD9543} = {AE3034B5-0282-4AEA-A15B-BD1ED4485C12}
		{45BFF840-7735-42A5-B295-F7296EFCB07A} = {AE3034B5-0282-4AEA-A15B-BD1ED4485C12}
	EndGlobalSection
	GlobalSection(ExtensibilityGlobals) = postSolution
		SolutionGuid = {4DFA053C-9378-4F41-B1C1-6DE68D9CF75D}
		BuildVersion_UpdateAssemblyVersion = True
		BuildVersion_UpdateFileVersion = True
		BuildVersion_StartDate = 2000/1/1
		BuildVersion_AssemblyInfoFilename = src\Advobot.Core\obj\Debug\netstandard2.0\Advobot.Core.AssemblyInfo.cs
		BuildVersion_UseGlobalSettings = False
		BuildVersion_UseUniversalClock = True
		BuildVersion_BuildVersioningStyle = None.None.Increment.None
	EndGlobalSection
EndGlobal
